// !$*UTF8*$!
{
	archiveVersion = 1;
	classes = {
	};
	objectVersion = 77;
	objects = {

/* Begin PBXBuildFile section */
		C0DE00000000000000000102 /* CodecTests.swift in Sources */ = {isa = PBXBuildFile; fileRef = C0DE00000000000000000101 /* CodecTests.swift */; };
/* End PBXBuildFile section */

/* Begin PBXContainerItemProxy section */
		C0DE0000000000000000010A /* PBXContainerItemProxy */ = {
			isa = PBXContainerItemProxy;
			containerPortal = AED421BA2FE126D800992359 /* Project object */;
			proxyType = 1;
			remoteGlobalIDString = AED421C12FE126D800992359;
			remoteInfo = app8800pro;
		};
/* End PBXContainerItemProxy section */

/* Begin PBXFileReference section */
		AED421C22FE126D800992359 /* app8800pro.app */ = {isa = PBXFileReference; explicitFileType = wrapper.application; includeInIndex = 0; path = app8800pro.app; sourceTree = BUILT_PRODUCTS_DIR; };
		C0DE00000000000000000101 /* CodecTests.swift */ = {isa = PBXFileReference; lastKnownFileType = sourcecode.swift; path = CodecTests.swift; sourceTree = "<group>"; };
		C0DE00000000000000000103 /* app8800proTests.xctest */ = {isa = PBXFileReference; explicitFileType = wrapper.cfbundle; includeInIndex = 0; path = app8800proTests.xctest; sourceTree = BUILT_PRODUCTS_DIR; };
/* End PBXFileReference section */

/* Begin PBXFileSystemSynchronizedRootGroup section */
		AED421C42FE126D800992359 /* app8800pro */ = {
			isa = PBXFileSystemSynchronizedRootGroup;
			path = app8800pro;
			sourceTree = "<group>";
		};
/* End PBXFileSystemSynchronizedRootGroup section */

/* Begin PBXFrameworksBuildPhase section */
		AED421BF2FE126D800992359 /* Frameworks */ = {
			isa = PBXFrameworksBuildPhase;
			files = (
			);
		};
		C0DE00000000000000000106 /* Frameworks */ = {
			isa = PBXFrameworksBuildPhase;
			files = (
			);
		};
/* End PBXFrameworksBuildPhase section */

/* Begin PBXGroup section */
		AED421B92FE126D800992359 = {
			isa = PBXGroup;
			children = (
				AED421C42FE126D800992359 /* app8800pro */,
				C0DE00000000000000000104 /* ../app8800proTests */,
				AED421C32FE126D800992359 /* Products */,
			);
			sourceTree = "<group>";
		};
		AED421C32FE126D800992359 /* Products */ = {
			isa = PBXGroup;
			children = (
				AED421C22FE126D800992359 /* app8800pro.app */,
				C0DE00000000000000000103 /* app8800proTests.xctest */,
			);
			name = Products;
			sourceTree = "<group>";
		};
		C0DE00000000000000000104 /* ../app8800proTests */ = {
			isa = PBXGroup;
			children = (
				C0DE00000000000000000101 /* CodecTests.swift */,
			);
			path = ../app8800proTests;
			sourceTree = "<group>";
		};
/* End PBXGroup section */

/* Begin PBXNativeTarget section */
		AED421C12FE126D800992359 /* app8800pro */ = {
			isa = PBXNativeTarget;
			buildConfigurationList = AED421CD2FE126D900992359 /* Build configuration list for PBXNativeTarget "app8800pro" */;
			buildPhases = (
				AED421BE2FE126D800992359 /* Sources */,
				AED421BF2FE126D800992359 /* Frameworks */,
				AED421C02FE126D800992359 /* Resources */,
			);
			buildRules = (
			);
			fileSystemSynchronizedGroups = (
				AED421C42FE126D800992359 /* app8800pro */,
			);
			name = app8800pro;
			productName = app8800pro;
			productReference = AED421C22FE126D800992359 /* app8800pro.app */;
			productType = "com.apple.product-type.application";
		};
		C0DE00000000000000000108 /* app8800proTests */ = {
			isa = PBXNativeTarget;
			buildConfigurationList = C0DE0000000000000000010D /* Build configuration list for PBXNativeTarget "app8800proTests" */;
			buildPhases = (
				C0DE00000000000000000105 /* Sources */,
				C0DE00000000000000000106 /* Frameworks */,
				C0DE00000000000000000107 /* Resources */,
			);
			buildRules = (
			);
			dependencies = (
				C0DE00000000000000000109 /* PBXTargetDependency */,
			);
			name = app8800proTests;
			productName = app8800proTests;
			productReference = C0DE00000000000000000103 /* app8800proTests.xctest */;
			productType = "com.apple.product-type.bundle.unit-test";
		};
/* End PBXNativeTarget section */

/* Begin PBXProject section */
		AED421BA2FE126D800992359 /* Project object */ = {
			isa = PBXProject;
			attributes = {
				BuildIndependentTargetsInParallel = 1;
				LastSwiftUpdateCheck = 2650;
				LastUpgradeCheck = 2650;
				TargetAttributes = {
					AED421C12FE126D800992359 = {
						CreatedOnToolsVersion = 26.5;
						DevelopmentTeam = U464K5924C;
					};
					C0DE00000000000000000108 = {
						CreatedOnToolsVersion = 26.5;
						DevelopmentTeam = U464K5924C;
						TestTargetID = AED421C12FE126D800992359;
					};
				};
			};
			buildConfigurationList = AED421BD2FE126D800992359 /* Build configuration list for PBXProject "app8800pro" */;
			developmentRegion = en;
			hasScannedForEncodings = 0;
			knownRegions = (
				en,
				Base,
			);
			mainGroup = AED421B92FE126D800992359;
			minimizedProjectReferenceProxies = 1;
			preferredProjectObjectVersion = 77;
			productRefGroup = AED421C32FE126D800992359 /* Products */;
			projectDirPath = "";
			projectRoot = "";
			targets = (
				AED421C12FE126D800992359 /* app8800pro */,
				C0DE00000000000000000108 /* app8800proTests */,
			);
		};
/* End PBXProject section */

/* Begin PBXResourcesBuildPhase section */
		AED421C02FE126D800992359 /* Resources */ = {
			isa = PBXResourcesBuildPhase;
			files = (
			);
		};
		C0DE00000000000000000107 /* Resources */ = {
			isa = PBXResourcesBuildPhase;
			files = (
			);
		};
/* End PBXResourcesBuildPhase section */

/* Begin PBXSourcesBuildPhase section */
		AED421BE2FE126D800992359 /* Sources */ = {
			isa = PBXSourcesBuildPhase;
			files = (
			);
		};
		C0DE00000000000000000105 /* Sources */ = {
			isa = PBXSourcesBuildPhase;
			files = (
				C0DE00000000000000000102 /* CodecTests.swift in Sources */,
			);
		};
/* End PBXSourcesBuildPhase section */

/* Begin PBXTargetDependency section */
		C0DE00000000000000000109 /* PBXTargetDependency */ = {
			isa = PBXTargetDependency;
			target = AED421C12FE126D800992359 /* app8800pro */;
			targetProxy = C0DE0000000000000000010A /* PBXContainerItemProxy */;
		};
/* End PBXTargetDependency section */

/* Begin XCBuildConfiguration section */
		AED421CB2FE126D900992359 /* Debug configuration for PBXProject "app8800pro" */ = {
			isa = XCBuildConfiguration;
			buildSettings = {
				ALWAYS_SEARCH_USER_PATHS = NO;
				ASSETCATALOG_COMPILER_GENERATE_SWIFT_ASSET_SYMBOL_EXTENSIONS = YES;
				CLANG_ANALYZER_NONNULL = YES;
				CLANG_ANALYZER_NUMBER_OBJECT_CONVERSION = YES_AGGRESSIVE;
				CLANG_CXX_LANGUAGE_STANDARD = "gnu++20";
				CLANG_ENABLE_MODULES = YES;
				CLANG_ENABLE_OBJC_ARC = YES;
				CLANG_ENABLE_OBJC_WEAK = YES;
				CLANG_WARN_BLOCK_CAPTURE_AUTORELEASING = YES;
				CLANG_WARN_BOOL_CONVERSION = YES;
				CLANG_WARN_COMMA = YES;
				CLANG_WARN_CONSTANT_CONVERSION = YES;
				CLANG_WARN_DEPRECATED_OBJC_IMPLEMENTATIONS = YES;
				CLANG_WARN_DIRECT_OBJC_ISA_USAGE = YES_ERROR;
				CLANG_WARN_DOCUMENTATION_COMMENTS = YES;
				CLANG_WARN_EMPTY_BODY = YES;
				CLANG_WARN_ENUM_CONVERSION = YES;
				CLANG_WARN_INFINITE_RECURSION = YES;
				CLANG_WARN_INT_CONVERSION = YES;
				CLANG_WARN_NON_LITERAL_NULL_CONVERSION = YES;
				CLANG_WARN_OBJC_IMPLICIT_RETAIN_SELF = YES;
				CLANG_WARN_OBJC_LITERAL_CONVERSION = YES;
				CLANG_WARN_OBJC_ROOT_CLASS = YES_ERROR;
				CLANG_WARN_QUOTED_INCLUDE_IN_FRAMEWORK_HEADER = YES;
				CLANG_WARN_RANGE_LOOP_ANALYSIS = YES;
				CLANG_WARN_STRICT_PROTOTYPES = YES;
				CLANG_WARN_SUSPICIOUS_MOVE = YES;
				CLANG_WARN_UNGUARDED_AVAILABILITY = YES_AGGRESSIVE;
				CLANG_WARN_UNREACHABLE_CODE = YES;
				CLANG_WARN__DUPLICATE_METHOD_MATCH = YES;
				COPY_PHASE_STRIP = NO;
				DEBUG_INFORMATION_FORMAT = dwarf;
				DEVELOPMENT_TEAM = U464K5924C;
				ENABLE_STRICT_OBJC_MSGSEND = YES;
				ENABLE_TESTABILITY = YES;
				ENABLE_USER_SCRIPT_SANDBOXING = YES;
				GCC_C_LANGUAGE_STANDARD = gnu17;
				GCC_DYNAMIC_NO_PIC = NO;
				GCC_NO_COMMON_BLOCKS = YES;
				GCC_OPTIMIZATION_LEVEL = 0;
				GCC_PREPROCESSOR_DEFINITIONS = (
					"DEBUG=1",
					"$(inherited)",
				);
				GCC_WARN_64_TO_32_BIT_CONVERSION = YES;
				GCC_WARN_ABOUT_RETURN_TYPE = YES_ERROR;
				GCC_WARN_UNDECLARED_SELECTOR = YES;
				GCC_WARN_UNINITIALIZED_AUTOS = YES_AGGRESSIVE;
				GCC_WARN_UNUSED_FUNCTION = YES;
				GCC_WARN_UNUSED_VARIABLE = YES;
				IPHONEOS_DEPLOYMENT_TARGET = 17.0;
				LOCALIZATION_PREFERS_STRING_CATALOGS = YES;
				MTL_ENABLE_DEBUG_INFO = INCLUDE_SOURCE;
				MTL_FAST_MATH = YES;
				ONLY_ACTIVE_ARCH = YES;
				SDKROOT = iphoneos;
				SWIFT_ACTIVE_COMPILATION_CONDITIONS = "DEBUG $(inherited)";
				SWIFT_OPTIMIZATION_LEVEL = "-Onone";
			};
			name = Debug;
		};
		AED421CC2FE126D900992359 /* Release configuration for PBXProject "app8800pro" */ = {
			isa = XCBuildConfiguration;
			buildSettings = {
				ALWAYS_SEARCH_USER_PATHS = NO;
				ASSETCATALOG_COMPILER_GENERATE_SWIFT_ASSET_SYMBOL_EXTENSIONS = YES;
				CLANG_ANALYZER_NONNULL = YES;
				CLANG_ANALYZER_NUMBER_OBJECT_CONVERSION = YES_AGGRESSIVE;
				CLANG_CXX_LANGUAGE_STANDARD = "gnu++20";
				CLANG_ENABLE_MODULES = YES;
				CLANG_ENABLE_OBJC_ARC = YES;
				CLANG_ENABLE_OBJC_WEAK = YES;
				CLANG_WARN_BLOCK_CAPTURE_AUTORELEASING = YES;
				CLANG_WARN_BOOL_CONVERSION = YES;
				CLANG_WARN_COMMA = YES;
				CLANG_WARN_CONSTANT_CONVERSION = YES;
				CLANG_WARN_DEPRECATED_OBJC_IMPLEMENTATIONS = YES;
				CLANG_WARN_DIRECT_OBJC_ISA_USAGE = YES_ERROR;
				CLANG_WARN_DOCUMENTATION_COMMENTS = YES;
				CLANG_WARN_EMPTY_BODY = YES;
				CLANG_WARN_ENUM_CONVERSION = YES;
				CLANG_WARN_INFINITE_RECURSION = YES;
				CLANG_WARN_INT_CONVERSION = YES;
				CLANG_WARN_NON_LITERAL_NULL_CONVERSION = YES;
				CLANG_WARN_OBJC_IMPLICIT_RETAIN_SELF = YES;
				CLANG_WARN_OBJC_LITERAL_CONVERSION = YES;
				CLANG_WARN_OBJC_ROOT_CLASS = YES_ERROR;
				CLANG_WARN_QUOTED_INCLUDE_IN_FRAMEWORK_HEADER = YES;
				CLANG_WARN_RANGE_LOOP_ANALYSIS = YES;
				CLANG_WARN_STRICT_PROTOTYPES = YES;
				CLANG_WARN_SUSPICIOUS_MOVE = YES;
				CLANG_WARN_UNGUARDED_AVAILABILITY = YES_AGGRESSIVE;
				CLANG_WARN_UNREACHABLE_CODE = YES;
				CLANG_WARN__DUPLICATE_METHOD_MATCH = YES;
				COPY_PHASE_STRIP = NO;
				DEBUG_INFORMATION_FORMAT = "dwarf-with-dsym";
				DEVELOPMENT_TEAM = U464K5924C;
				ENABLE_NS_ASSERTIONS = NO;
				ENABLE_STRICT_OBJC_MSGSEND = YES;
				ENABLE_USER_SCRIPT_SANDBOXING = YES;
				GCC_C_LANGUAGE_STANDARD = gnu17;
				GCC_NO_COMMON_BLOCKS = YES;
				GCC_WARN_64_TO_32_BIT_CONVERSION = YES;
				GCC_WARN_ABOUT_RETURN_TYPE = YES_ERROR;
				GCC_WARN_UNDECLARED_SELECTOR = YES;
				GCC_WARN_UNINITIALIZED_AUTOS = YES_AGGRESSIVE;
				GCC_WARN_UNUSED_FUNCTION = YES;
				GCC_WARN_UNUSED_VARIABLE = YES;
				IPHONEOS_DEPLOYMENT_TARGET = 17.0;
				LOCALIZATION_PREFERS_STRING_CATALOGS = YES;
				MTL_ENABLE_DEBUG_INFO = NO;
				MTL_FAST_MATH = YES;
				SDKROOT = iphoneos;
				SWIFT_COMPILATION_MODE = wholemodule;
				VALIDATE_PRODUCT = YES;
			};
			name = Release;
		};
		AED421CE2FE126D900992359 /* Debug configuration for PBXNativeTarget "app8800pro" */ = {
			isa = XCBuildConfiguration;
			buildSettings = {
				ASSETCATALOG_COMPILER_APPICON_NAME = AppIcon;
				ASSETCATALOG_COMPILER_GLOBAL_ACCENT_COLOR_NAME = AccentColor;
				CODE_SIGN_STYLE = Automatic;
				CURRENT_PROJECT_VERSION = 1;
				DEVELOPMENT_TEAM = U464K5924C;
				ENABLE_PREVIEWS = YES;
				GENERATE_INFOPLIST_FILE = YES;
				INFOPLIST_KEY_CFBundleDisplayName = 8800Pro;
				INFOPLIST_KEY_NSBluetoothAlwaysUsageDescription = "用于连接森海克斯 8800Pro 并读取或写入设备配置。";
				INFOPLIST_KEY_NSBluetoothPeripheralUsageDescription = "用于连接森海克斯 8800Pro 并读取或写入设备配置。";
				INFOPLIST_KEY_NSPhotoLibraryAddUsageDescription = "用于保存开机图预览或导出的写图素材。";
				INFOPLIST_KEY_NSPhotoLibraryUsageDescription = "用于选择要写入对讲机的开机图片。";
				INFOPLIST_KEY_UIApplicationSceneManifest_Generation = YES;
				INFOPLIST_KEY_UIApplicationSupportsIndirectInputEvents = YES;
				INFOPLIST_KEY_UILaunchScreen_Generation = YES;
				INFOPLIST_KEY_UISupportedInterfaceOrientations_iPad = "UIInterfaceOrientationPortrait UIInterfaceOrientationPortraitUpsideDown UIInterfaceOrientationLandscapeLeft UIInterfaceOrientationLandscapeRight";
				INFOPLIST_KEY_UISupportedInterfaceOrientations_iPhone = "UIInterfaceOrientationPortrait UIInterfaceOrientationLandscapeLeft UIInterfaceOrientationLandscapeRight";
				IPHONEOS_DEPLOYMENT_TARGET = 17.0;
				LD_RUNPATH_SEARCH_PATHS = (
					"$(inherited)",
					"@executable_path/Frameworks",
				);
				MARKETING_VERSION = 1.0;
				PRODUCT_BUNDLE_IDENTIFIER = com.aoodyconcorde.app8800pro;
				PRODUCT_NAME = "$(TARGET_NAME)";
				STRING_CATALOG_GENERATE_SYMBOLS = YES;
				SWIFT_APPROACHABLE_CONCURRENCY = YES;
				SWIFT_DEFAULT_ACTOR_ISOLATION = MainActor;
				SWIFT_EMIT_LOC_STRINGS = YES;
				SWIFT_UPCOMING_FEATURE_MEMBER_IMPORT_VISIBILITY = YES;
				SWIFT_VERSION = 5.0;
				TARGETED_DEVICE_FAMILY = "1,2";
			};
			name = Debug;
		};
		AED421CF2FE126D900992359 /* Release configuration for PBXNativeTarget "app8800pro" */ = {
			isa = XCBuildConfiguration;
			buildSettings = {
				ASSETCATALOG_COMPILER_APPICON_NAME = AppIcon;
				ASSETCATALOG_COMPILER_GLOBAL_ACCENT_COLOR_NAME = AccentColor;
				CODE_SIGN_STYLE = Automatic;
				CURRENT_PROJECT_VERSION = 1;
				DEVELOPMENT_TEAM = U464K5924C;
				ENABLE_PREVIEWS = YES;
				GENERATE_INFOPLIST_FILE = YES;
				INFOPLIST_KEY_CFBundleDisplayName = 8800Pro;
				INFOPLIST_KEY_NSBluetoothAlwaysUsageDescription = "用于连接森海克斯 8800Pro 并读取或写入设备配置。";
				INFOPLIST_KEY_NSBluetoothPeripheralUsageDescription = "用于连接森海克斯 8800Pro 并读取或写入设备配置。";
				INFOPLIST_KEY_NSPhotoLibraryAddUsageDescription = "用于保存开机图预览或导出的写图素材。";
				INFOPLIST_KEY_NSPhotoLibraryUsageDescription = "用于选择要写入对讲机的开机图片。";
				INFOPLIST_KEY_UIApplicationSceneManifest_Generation = YES;
				INFOPLIST_KEY_UIApplicationSupportsIndirectInputEvents = YES;
				INFOPLIST_KEY_UILaunchScreen_Generation = YES;
				INFOPLIST_KEY_UISupportedInterfaceOrientations_iPad = "UIInterfaceOrientationPortrait UIInterfaceOrientationPortraitUpsideDown UIInterfaceOrientationLandscapeLeft UIInterfaceOrientationLandscapeRight";
				INFOPLIST_KEY_UISupportedInterfaceOrientations_iPhone = "UIInterfaceOrientationPortrait UIInterfaceOrientationLandscapeLeft UIInterfaceOrientationLandscapeRight";
				IPHONEOS_DEPLOYMENT_TARGET = 17.0;
				LD_RUNPATH_SEARCH_PATHS = (
					"$(inherited)",
					"@executable_path/Frameworks",
				);
				MARKETING_VERSION = 1.0;
				PRODUCT_BUNDLE_IDENTIFIER = com.aoodyconcorde.app8800pro;
				PRODUCT_NAME = "$(TARGET_NAME)";
				STRING_CATALOG_GENERATE_SYMBOLS = YES;
				SWIFT_APPROACHABLE_CONCURRENCY = YES;
				SWIFT_DEFAULT_ACTOR_ISOLATION = MainActor;
				SWIFT_EMIT_LOC_STRINGS = YES;
				SWIFT_UPCOMING_FEATURE_MEMBER_IMPORT_VISIBILITY = YES;
				SWIFT_VERSION = 5.0;
				TARGETED_DEVICE_FAMILY = "1,2";
			};
			name = Release;
		};
		C0DE0000000000000000010B /* Debug configuration for PBXNativeTarget "app8800proTests" */ = {
			isa = XCBuildConfiguration;
			buildSettings = {
				BUNDLE_LOADER = "$(TEST_HOST)";
				CODE_SIGN_STYLE = Automatic;
				CURRENT_PROJECT_VERSION = 1;
				DEVELOPMENT_TEAM = U464K5924C;
				GENERATE_INFOPLIST_FILE = YES;
				IPHONEOS_DEPLOYMENT_TARGET = 17.0;
				LD_RUNPATH_SEARCH_PATHS = (
					"$(inherited)",
					"@executable_path/Frameworks",
					"@loader_path/Frameworks",
				);
				PRODUCT_BUNDLE_IDENTIFIER = com.aoodyconcorde.app8800proTests;
				PRODUCT_NAME = "$(TARGET_NAME)";
				SWIFT_VERSION = 5.0;
				TARGETED_DEVICE_FAMILY = "1,2";
				TEST_HOST = "$(BUILT_PRODUCTS_DIR)/app8800pro.app/$(BUNDLE_EXECUTABLE_FOLDER_PATH)/app8800pro";
				TEST_TARGET_NAME = app8800pro;
				WRAPPER_EXTENSION = xctest;
			};
			name = Debug;
		};
		C0DE0000000000000000010C /* Release configuration for PBXNativeTarget "app8800proTests" */ = {
			isa = XCBuildConfiguration;
			buildSettings = {
				BUNDLE_LOADER = "$(TEST_HOST)";
				CODE_SIGN_STYLE = Automatic;
				CURRENT_PROJECT_VERSION = 1;
				DEVELOPMENT_TEAM = U464K5924C;
				GENERATE_INFOPLIST_FILE = YES;
				IPHONEOS_DEPLOYMENT_TARGET = 17.0;
				LD_RUNPATH_SEARCH_PATHS = (
					"$(inherited)",
					"@executable_path/Frameworks",
					"@loader_path/Frameworks",
				);
				PRODUCT_BUNDLE_IDENTIFIER = com.aoodyconcorde.app8800proTests;
				PRODUCT_NAME = "$(TARGET_NAME)";
				SWIFT_VERSION = 5.0;
				TARGETED_DEVICE_FAMILY = "1,2";
				TEST_HOST = "$(BUILT_PRODUCTS_DIR)/app8800pro.app/$(BUNDLE_EXECUTABLE_FOLDER_PATH)/app8800pro";
				TEST_TARGET_NAME = app8800pro;
				WRAPPER_EXTENSION = xctest;
			};
			name = Release;
		};
/* End XCBuildConfiguration section */

/* Begin XCConfigurationList section */
		AED421BD2FE126D800992359 /* Build configuration list for PBXProject "app8800pro" */ = {
			isa = XCConfigurationList;
			buildConfigurations = (
				AED421CB2FE126D900992359 /* Debug configuration for PBXProject "app8800pro" */,
				AED421CC2FE126D900992359 /* Release configuration for PBXProject "app8800pro" */,
			);
			defaultConfigurationName = Release;
		};
		AED421CD2FE126D900992359 /* Build configuration list for PBXNativeTarget "app8800pro" */ = {
			isa = XCConfigurationList;
			buildConfigurations = (
				AED421CE2FE126D900992359 /* Debug configuration for PBXNativeTarget "app8800pro" */,
				AED421CF2FE126D900992359 /* Release configuration for PBXNativeTarget "app8800pro" */,
			);
			defaultConfigurationName = Release;
		};
		C0DE0000000000000000010D /* Build configuration list for PBXNativeTarget "app8800proTests" */ = {
			isa = XCConfigurationList;
			buildConfigurations = (
				C0DE0000000000000000010B /* Debug configuration for PBXNativeTarget "app8800proTests" */,
				C0DE0000000000000000010C /* Release configuration for PBXNativeTarget "app8800proTests" */,
			);
			defaultConfigurationName = Release;
		};
/* End XCConfigurationList section */
	};
	rootObject = AED421BA2FE126D800992359 /* Project object */;
	validationLevel = 1;
}
